
Microsoft Visual Studio Solution File, Format Version 12.00
# Visual Studio 15
VisualStudioVersion = 15.0.28307.271
MinimumVisualStudioVersion = 10.0.40219.1
Project("{FAE04EC0-301F-11D3-BF4B-00C04F79EFBC}") = "HeadLineNewsAdmin", "HeadLineNewsAdmin\HeadLineNewsAdmin.csproj", "{AC84F212-1D9D-4DC9-96FD-51E8BFD86184}"
EndProject
Project("{54435603-DBB4-11D2-8724-00A0C9A8B90C}") = "Setup1", "Setup1\Setup1.vdproj", "{6B111180-119F-4E38-839C-6553EC485E59}"
EndProject
Global
	GlobalSection(SolutionConfigurationPlatforms) = preSolution
		Debug|Any CPU = Debug|Any CPU
		Release|Any CPU = Release|Any CPU
	EndGlobalSection
	GlobalSection(ProjectConfigurationPlatforms) = postSolution
		{AC84F212-1D9D-4DC9-96FD-51E8BFD86184}.Debug|Any CPU.ActiveCfg = Debug|Any CPU
		{AC84F212-1D9D-4DC9-96FD-51E8BFD86184}.Debug|Any CPU.Build.0 = Debug|Any CPU
		{AC84F212-1D9D-4DC9-96FD-51E8BFD86184}.Release|Any CPU.ActiveCfg = Release|Any CPU
		{AC84F212-1D9D-4DC9-96FD-51E8BFD86184}.Release|Any CPU.Build.0 = Release|Any CPU
		{6B111180-119F-4E38-839C-6553EC485E59}.Debug|Any CPU.ActiveCfg = Debug
		{6B111180-119F-4E38-839C-6553EC485E59}.Release|Any CPU.ActiveCfg = Release
	EndGlobalSection
	GlobalSection(SolutionProperties) = preSolution
		HideSolutionNode = FALSE
	EndGlobalSection
	GlobalSection(ExtensibilityGlobals) = postSolution
		SolutionGuid = {DF852E1D-B238-475F-B737-554F2CE947B9}
	EndGlobalSection
EndGlobal
